
Microsoft Visual Studio Solution File, Format Version 12.00
# Visual Studio Version 16
VisualStudioVersion = 16.0.29123.88
MinimumVisualStudioVersion = 10.0.40219.1
Project("{8BC9CEB8-8B4A-11D0-8D11-00A0C91BC942}") = "MeasureBridge.AzureSphere", "MeasureBridge.AzureSphere\MeasureBridge.AzureSphere.vcxproj", "{BC75CC7F-39F3-47DA-8D42-3F15FE346483}"
EndProject
Project("{9092AA53-FB77-4645-B42D-1CCCA6BD08BD}") = "MeasureBridge.HomeBridgePlugin", "MeasureBridge.HomeBridgePlugin\MeasureBridge.HomeBridgePlugin.njsproj", "{20C22E2E-3624-4B02-880E-2C1596836CE4}"
EndProject
Global
	GlobalSection(SolutionConfigurationPlatforms) = preSolution
		Debug|Any CPU = Debug|Any CPU
		Debug|ARM = Debug|ARM
		Release|Any CPU = Release|Any CPU
		Release|ARM = Release|ARM
	EndGlobalSection
	GlobalSection(ProjectConfigurationPlatforms) = postSolution
		{BC75CC7F-39F3-47DA-8D42-3F15FE346483}.Debug|Any CPU.ActiveCfg = Debug|ARM
		{BC75CC7F-39F3-47DA-8D42-3F15FE346483}.Debug|ARM.ActiveCfg = Debug|ARM
		{BC75CC7F-39F3-47DA-8D42-3F15FE346483}.Debug|ARM.Build.0 = Debug|ARM
		{BC75CC7F-39F3-47DA-8D42-3F15FE346483}.Release|Any CPU.ActiveCfg = Release|ARM
		{BC75CC7F-39F3-47DA-8D42-3F15FE346483}.Release|ARM.ActiveCfg = Release|ARM
		{BC75CC7F-39F3-47DA-8D42-3F15FE346483}.Release|ARM.Build.0 = Release|ARM
		{20C22E2E-3624-4B02-880E-2C1596836CE4}.Debug|Any CPU.ActiveCfg = Debug|Any CPU
		{20C22E2E-3624-4B02-880E-2C1596836CE4}.Debug|Any CPU.Build.0 = Debug|Any CPU
		{20C22E2E-3624-4B02-880E-2C1596836CE4}.Debug|ARM.ActiveCfg = Debug|Any CPU
		{20C22E2E-3624-4B02-880E-2C1596836CE4}.Debug|ARM.Build.0 = Debug|Any CPU
		{20C22E2E-3624-4B02-880E-2C1596836CE4}.Release|Any CPU.ActiveCfg = Release|Any CPU
		{20C22E2E-3624-4B02-880E-2C1596836CE4}.Release|Any CPU.Build.0 = Release|Any CPU
		{20C22E2E-3624-4B02-880E-2C1596836CE4}.Release|ARM.ActiveCfg = Release|Any CPU
		{20C22E2E-3624-4B02-880E-2C1596836CE4}.Release|ARM.Build.0 = Release|Any CPU
	EndGlobalSection
	GlobalSection(SolutionProperties) = preSolution
		HideSolutionNode = FALSE
	EndGlobalSection
	GlobalSection(ExtensibilityGlobals) = postSolution
		SolutionGuid = {7A3F4F7F-471D-45D4-81B3-C5A1340DB704}
	EndGlobalSection
EndGlobal
